
Microsoft Visual Studio Solution File, Format Version 10.00
# Visual C++ Express 2008
Project("{8BC9CEB8-8B4A-11D0-8D11-00A0C91BC942}") = "Fragmentarium", "Fragmentarium.vcproj", "{E41D8CD9-8F00-3204-A980-0998ECF8427E}"
EndProject
Global
	GlobalSection(SolutionConfigurationPlatforms) = preSolution
		Debug|Win32 = Debug|Win32
		Release|Win32 = Release|Win32
	EndGlobalSection
	GlobalSection(ProjectConfigurationPlatforms) = postSolution
		{E41D8CD9-8F00-3204-A980-0998ECF8427E}.Debug|Win32.ActiveCfg = Debug|Win32
		{E41D8CD9-8F00-3204-A980-0998ECF8427E}.Debug|Win32.Build.0 = Debug|Win32
		{E41D8CD9-8F00-3204-A980-0998ECF8427E}.Release|Win32.ActiveCfg = Release|Win32
		{E41D8CD9-8F00-3204-A980-0998ECF8427E}.Release|Win32.Build.0 = Release|Win32
	EndGlobalSection
	GlobalSection(SolutionProperties) = preSolution
		HideSolutionNode = FALSE
	EndGlobalSection
EndGlobal
